
Microsoft Visual Studio Solution File, Format Version 12.00
# Visual Studio Version 16
VisualStudioVersion = 16.0.30002.166
MinimumVisualStudioVersion = 10.0.40219.1
Project("{FAE04EC0-301F-11D3-BF4B-00C04F79EFBC}") = "BookList", "BookList\BookList.csproj", "{DD16D1D9-A12A-47A8-8CEC-5E16FB9CA33C}"
EndProject
Global
	GlobalSection(SolutionConfigurationPlatforms) = preSolution
		Debug|Any CPU = Debug|Any CPU
		Release|Any CPU = Release|Any CPU
	EndGlobalSection
	GlobalSection(ProjectConfigurationPlatforms) = postSolution
		{DD16D1D9-A12A-47A8-8CEC-5E16FB9CA33C}.Debug|Any CPU.ActiveCfg = Debug|Any CPU
		{DD16D1D9-A12A-47A8-8CEC-5E16FB9CA33C}.Debug|Any CPU.Build.0 = Debug|Any CPU
		{DD16D1D9-A12A-47A8-8CEC-5E16FB9CA33C}.Release|Any CPU.ActiveCfg = Release|Any CPU
		{DD16D1D9-A12A-47A8-8CEC-5E16FB9CA33C}.Release|Any CPU.Build.0 = Release|Any CPU
	EndGlobalSection
	GlobalSection(SolutionProperties) = preSolution
		HideSolutionNode = FALSE
	EndGlobalSection
	GlobalSection(ExtensibilityGlobals) = postSolution
		SolutionGuid = {453AD451-D9C4-4693-982D-76E61DC48A2C}
	EndGlobalSection
EndGlobal
